# @generated by Move, please check-in and do not edit manually.

[move]
version = 3
manifest_digest = "6DA90F97095EDF59D0D98F48D02562F41E6CE3823DCF4045280F50AECDF79B3E"
deps_digest = "F8BBB0CCB2491CA29A3DF03D6F92277A4F3574266507ACD77214D37ECA3F3082"
dependencies = [
  { id = "Sui", name = "Sui" },
]

[[move.package]]
id = "MoveStdlib"
source = { git = "https://github.com/MystenLabs/sui.git", rev = "framework/testnet", subdir = "crates\\sui-framework\\packages\\move-stdlib" }

[[move.package]]
id = "Sui"
source = { git = "https://github.com/MystenLabs/sui.git", rev = "framework/testnet", subdir = "crates/sui-framework/packages/sui-framework" }

dependencies = [
  { id = "MoveStdlib", name = "MoveStdlib" },
]

[move.toolchain-version]
compiler-version = "1.61.2"
edition = "2024.beta"
flavor = "sui"

[env]

[env.testnet]
chain-id = "4c78adac"
original-published-id = "0xe7fd024777d5e1f814809f4c4961a793c0855bc17b9d241f4f8165287b7caae7"
latest-published-id = "0xe7fd024777d5e1f814809f4c4961a793c0855bc17b9d241f4f8165287b7caae7"
published-version = "1"
